
Microsoft Visual Studio Solution File, Format Version 12.00
# Visual Studio Version 16
VisualStudioVersion = 16.0.31702.278
MinimumVisualStudioVersion = 10.0.40219.1
Project("{FAE04EC0-301F-11D3-BF4B-00C04F79EFBC}") = "ValueatRisk", "ValueatRisk\ValueatRisk.csproj", "{68F89C77-CAA9-4D06-B137-631321980DFC}"
EndProject
Global
	GlobalSection(SolutionConfigurationPlatforms) = preSolution
		Debug|Any CPU = Debug|Any CPU
		Release|Any CPU = Release|Any CPU
	EndGlobalSection
	GlobalSection(ProjectConfigurationPlatforms) = postSolution
		{68F89C77-CAA9-4D06-B137-631321980DFC}.Debug|Any CPU.ActiveCfg = Debug|Any CPU
		{68F89C77-CAA9-4D06-B137-631321980DFC}.Debug|Any CPU.Build.0 = Debug|Any CPU
		{68F89C77-CAA9-4D06-B137-631321980DFC}.Release|Any CPU.ActiveCfg = Release|Any CPU
		{68F89C77-CAA9-4D06-B137-631321980DFC}.Release|Any CPU.Build.0 = Release|Any CPU
	EndGlobalSection
	GlobalSection(SolutionProperties) = preSolution
		HideSolutionNode = FALSE
	EndGlobalSection
	GlobalSection(ExtensibilityGlobals) = postSolution
		SolutionGuid = {BF8811C8-8ACE-4712-A614-3F8DF4E49E5A}
	EndGlobalSection
EndGlobal
